
Microsoft Visual Studio Solution File, Format Version 12.00
# Visual Studio Version 16
VisualStudioVersion = 16.0.31515.178
MinimumVisualStudioVersion = 10.0.40219.1
Project("{FAE04EC0-301F-11D3-BF4B-00C04F79EFBC}") = "BtreeM", "BtreeM\BtreeM.csproj", "{D75DF8F9-4821-4750-9DD4-3896B2EF4B44}"
EndProject
Global
	GlobalSection(SolutionConfigurationPlatforms) = preSolution
		Debug|Any CPU = Debug|Any CPU
		Release|Any CPU = Release|Any CPU
	EndGlobalSection
	GlobalSection(ProjectConfigurationPlatforms) = postSolution
		{D75DF8F9-4821-4750-9DD4-3896B2EF4B44}.Debug|Any CPU.ActiveCfg = Debug|Any CPU
		{D75DF8F9-4821-4750-9DD4-3896B2EF4B44}.Debug|Any CPU.Build.0 = Debug|Any CPU
		{D75DF8F9-4821-4750-9DD4-3896B2EF4B44}.Release|Any CPU.ActiveCfg = Release|Any CPU
		{D75DF8F9-4821-4750-9DD4-3896B2EF4B44}.Release|Any CPU.Build.0 = Release|Any CPU
	EndGlobalSection
	GlobalSection(SolutionProperties) = preSolution
		HideSolutionNode = FALSE
	EndGlobalSection
	GlobalSection(ExtensibilityGlobals) = postSolution
		SolutionGuid = {FC29751C-4E14-4B92-BDC8-7E5EF58E2D43}
	EndGlobalSection
EndGlobal
